
Microsoft Visual Studio Solution File, Format Version 12.00
# Visual Studio 2013
VisualStudioVersion = 12.0.21005.1
MinimumVisualStudioVersion = 10.0.40219.1
Project("{FAE04EC0-301F-11D3-BF4B-00C04F79EFBC}") = "eftesting", "eftesting\eftesting.csproj", "{D02B4AD7-5EB5-4300-B7EE-1080078E113B}"
EndProject
Project("{FAE04EC0-301F-11D3-BF4B-00C04F79EFBC}") = "eftesting.Tests", "eftesting.Tests\eftesting.Tests.csproj", "{21DF085F-5668-41C5-AB1D-FEE8AE9B0C88}"
EndProject
Global
	GlobalSection(SolutionConfigurationPlatforms) = preSolution
		Debug|Any CPU = Debug|Any CPU
		Release|Any CPU = Release|Any CPU
	EndGlobalSection
	GlobalSection(ProjectConfigurationPlatforms) = postSolution
		{D02B4AD7-5EB5-4300-B7EE-1080078E113B}.Debug|Any CPU.ActiveCfg = Debug|Any CPU
		{D02B4AD7-5EB5-4300-B7EE-1080078E113B}.Debug|Any CPU.Build.0 = Debug|Any CPU
		{D02B4AD7-5EB5-4300-B7EE-1080078E113B}.Release|Any CPU.ActiveCfg = Release|Any CPU
		{D02B4AD7-5EB5-4300-B7EE-1080078E113B}.Release|Any CPU.Build.0 = Release|Any CPU
		{21DF085F-5668-41C5-AB1D-FEE8AE9B0C88}.Debug|Any CPU.ActiveCfg = Debug|Any CPU
		{21DF085F-5668-41C5-AB1D-FEE8AE9B0C88}.Debug|Any CPU.Build.0 = Debug|Any CPU
		{21DF085F-5668-41C5-AB1D-FEE8AE9B0C88}.Release|Any CPU.ActiveCfg = Release|Any CPU
		{21DF085F-5668-41C5-AB1D-FEE8AE9B0C88}.Release|Any CPU.Build.0 = Release|Any CPU
	EndGlobalSection
	GlobalSection(SolutionProperties) = preSolution
		HideSolutionNode = FALSE
	EndGlobalSection
EndGlobal
